
Microsoft Visual Studio Solution File, Format Version 12.00
# Visual Studio Version 16
VisualStudioVersion = 16.0.30804.86
MinimumVisualStudioVersion = 10.0.40219.1
Project("{9A19103F-16F7-4668-BE54-9A1E7A4F7556}") = "Entities", "Entities\Entities.csproj", "{3FF8F9AC-7EDC-493C-A089-8C412C76428E}"
EndProject
Project("{9A19103F-16F7-4668-BE54-9A1E7A4F7556}") = "DataAccess", "DataAccess\DataAccess.csproj", "{FD94439B-3881-4407-B214-164FCF19F709}"
EndProject
Project("{9A19103F-16F7-4668-BE54-9A1E7A4F7556}") = "Business", "Business\Business.csproj", "{796FEC91-8179-415A-A106-6CBFC446CBB8}"
EndProject
Project("{9A19103F-16F7-4668-BE54-9A1E7A4F7556}") = "ConsoleUI", "ConsoleUI\ConsoleUI.csproj", "{6052DF07-C290-44DD-ACE1-F16B63A06326}"
EndProject
Project("{FAE04EC0-301F-11D3-BF4B-00C04F79EFBC}") = "Core", "Core\Core.csproj", "{5DE42DA5-F97F-4409-A167-097F2F425613}"
EndProject
Global
	GlobalSection(SolutionConfigurationPlatforms) = preSolution
		Debug|Any CPU = Debug|Any CPU
		Release|Any CPU = Release|Any CPU
	EndGlobalSection
	GlobalSection(ProjectConfigurationPlatforms) = postSolution
		{3FF8F9AC-7EDC-493C-A089-8C412C76428E}.Debug|Any CPU.ActiveCfg = Debug|Any CPU
		{3FF8F9AC-7EDC-493C-A089-8C412C76428E}.Debug|Any CPU.Build.0 = Debug|Any CPU
		{3FF8F9AC-7EDC-493C-A089-8C412C76428E}.Release|Any CPU.ActiveCfg = Release|Any CPU
		{3FF8F9AC-7EDC-493C-A089-8C412C76428E}.Release|Any CPU.Build.0 = Release|Any CPU
		{FD94439B-3881-4407-B214-164FCF19F709}.Debug|Any CPU.ActiveCfg = Debug|Any CPU
		{FD94439B-3881-4407-B214-164FCF19F709}.Debug|Any CPU.Build.0 = Debug|Any CPU
		{FD94439B-3881-4407-B214-164FCF19F709}.Release|Any CPU.ActiveCfg = Release|Any CPU
		{FD94439B-3881-4407-B214-164FCF19F709}.Release|Any CPU.Build.0 = Release|Any CPU
		{796FEC91-8179-415A-A106-6CBFC446CBB8}.Debug|Any CPU.ActiveCfg = Debug|Any CPU
		{796FEC91-8179-415A-A106-6CBFC446CBB8}.Debug|Any CPU.Build.0 = Debug|Any CPU
		{796FEC91-8179-415A-A106-6CBFC446CBB8}.Release|Any CPU.ActiveCfg = Release|Any CPU
		{796FEC91-8179-415A-A106-6CBFC446CBB8}.Release|Any CPU.Build.0 = Release|Any CPU
		{6052DF07-C290-44DD-ACE1-F16B63A06326}.Debug|Any CPU.ActiveCfg = Debug|Any CPU
		{6052DF07-C290-44DD-ACE1-F16B63A06326}.Debug|Any CPU.Build.0 = Debug|Any CPU
		{6052DF07-C290-44DD-ACE1-F16B63A06326}.Release|Any CPU.ActiveCfg = Release|Any CPU
		{6052DF07-C290-44DD-ACE1-F16B63A06326}.Release|Any CPU.Build.0 = Release|Any CPU
		{5DE42DA5-F97F-4409-A167-097F2F425613}.Debug|Any CPU.ActiveCfg = Debug|Any CPU
		{5DE42DA5-F97F-4409-A167-097F2F425613}.Debug|Any CPU.Build.0 = Debug|Any CPU
		{5DE42DA5-F97F-4409-A167-097F2F425613}.Release|Any CPU.ActiveCfg = Release|Any CPU
		{5DE42DA5-F97F-4409-A167-097F2F425613}.Release|Any CPU.Build.0 = Release|Any CPU
	EndGlobalSection
	GlobalSection(SolutionProperties) = preSolution
		HideSolutionNode = FALSE
	EndGlobalSection
	GlobalSection(ExtensibilityGlobals) = postSolution
		SolutionGuid = {36CEEB30-763A-49E1-BEC0-1D26ADD51845}
	EndGlobalSection
EndGlobal
